
Microsoft Visual Studio Solution File, Format Version 12.00
# Visual Studio Version 17
VisualStudioVersion = 17.1.32328.378
MinimumVisualStudioVersion = 10.0.40219.1
Project("{FAE04EC0-301F-11D3-BF4B-00C04F79EFBC}") = "Phaseproject1", "Phaseproject1\Phaseproject1.csproj", "{068BFE8C-266B-45FC-AE09-1D738263031E}"
EndProject
Global
	GlobalSection(SolutionConfigurationPlatforms) = preSolution
		Debug|Any CPU = Debug|Any CPU
		Release|Any CPU = Release|Any CPU
	EndGlobalSection
	GlobalSection(ProjectConfigurationPlatforms) = postSolution
		{068BFE8C-266B-45FC-AE09-1D738263031E}.Debug|Any CPU.ActiveCfg = Debug|Any CPU
		{068BFE8C-266B-45FC-AE09-1D738263031E}.Debug|Any CPU.Build.0 = Debug|Any CPU
		{068BFE8C-266B-45FC-AE09-1D738263031E}.Release|Any CPU.ActiveCfg = Release|Any CPU
		{068BFE8C-266B-45FC-AE09-1D738263031E}.Release|Any CPU.Build.0 = Release|Any CPU
	EndGlobalSection
	GlobalSection(SolutionProperties) = preSolution
		HideSolutionNode = FALSE
	EndGlobalSection
	GlobalSection(ExtensibilityGlobals) = postSolution
		SolutionGuid = {51480D51-6E06-4FFB-89C1-B67F93ACE9D5}
	EndGlobalSection
EndGlobal
